
Microsoft Visual Studio Solution File, Format Version 12.00
# Visual Studio Version 16
VisualStudioVersion = 16.0.31112.23
MinimumVisualStudioVersion = 10.0.40219.1
Project("{9A19103F-16F7-4668-BE54-9A1E7A4F7556}") = "LINQ_extension_methods", "LINQ_extension_methods\LINQ_extension_methods.csproj", "{172064A5-3931-43E0-8466-25ED507FBFBA}"
EndProject
Project("{FAE04EC0-301F-11D3-BF4B-00C04F79EFBC}") = "Queries", "Queries\Queries.csproj", "{9D221998-2862-47FE-A227-4950269CBEF1}"
EndProject
Global
	GlobalSection(SolutionConfigurationPlatforms) = preSolution
		Debug|Any CPU = Debug|Any CPU
		Release|Any CPU = Release|Any CPU
	EndGlobalSection
	GlobalSection(ProjectConfigurationPlatforms) = postSolution
		{172064A5-3931-43E0-8466-25ED507FBFBA}.Debug|Any CPU.ActiveCfg = Debug|Any CPU
		{172064A5-3931-43E0-8466-25ED507FBFBA}.Debug|Any CPU.Build.0 = Debug|Any CPU
		{172064A5-3931-43E0-8466-25ED507FBFBA}.Release|Any CPU.ActiveCfg = Release|Any CPU
		{172064A5-3931-43E0-8466-25ED507FBFBA}.Release|Any CPU.Build.0 = Release|Any CPU
		{9D221998-2862-47FE-A227-4950269CBEF1}.Debug|Any CPU.ActiveCfg = Debug|Any CPU
		{9D221998-2862-47FE-A227-4950269CBEF1}.Debug|Any CPU.Build.0 = Debug|Any CPU
		{9D221998-2862-47FE-A227-4950269CBEF1}.Release|Any CPU.ActiveCfg = Release|Any CPU
		{9D221998-2862-47FE-A227-4950269CBEF1}.Release|Any CPU.Build.0 = Release|Any CPU
	EndGlobalSection
	GlobalSection(SolutionProperties) = preSolution
		HideSolutionNode = FALSE
	EndGlobalSection
	GlobalSection(ExtensibilityGlobals) = postSolution
		SolutionGuid = {02006F20-9987-4B91-BED3-163C1C63BD63}
	EndGlobalSection
EndGlobal
